PODS:
  - AWSAutoScaling (2.4.6):
    - AWSCore (= 2.4.6)
  - AWSCloudWatch (2.4.6):
    - AWSCore (= 2.4.6)
  - AWSCognito (2.4.6):
    - AWSCore (= 2.4.6)
  - AWSCognitoIdentityProvider (2.4.6):
    - AWSCore (= 2.4.6)
  - AWSCore (2.4.6)
  - AWSDynamoDB (2.4.6):
    - AWSCore (= 2.4.6)
  - AWSEC2 (2.4.6):
    - AWSCore (= 2.4.6)
  - AWSElasticLoadBalancing (2.4.6):
    - AWSCore (= 2.4.6)
  - AWSIoT (2.4.6):
    - AWSCore (= 2.4.6)
  - AWSKinesis (2.4.6):
    - AWSCore (= 2.4.6)
  - AWSLambda (2.4.6):
    - AWSCore (= 2.4.6)
  - AWSMachineLearning (2.4.6):
    - AWSCore (= 2.4.6)
  - AWSMobileAnalytics (2.4.6):
    - AWSCore (= 2.4.6)
  - AWSS3 (2.4.6):
    - AWSCore (= 2.4.6)
  - AWSSES (2.4.6):
    - AWSCore (= 2.4.6)
  - AWSSimpleDB (2.4.6):
    - AWSCore (= 2.4.6)
  - AWSSNS (2.4.6):
    - AWSCore (= 2.4.6)
  - AWSSQS (2.4.6):
    - AWSCore (= 2.4.6)

DEPENDENCIES:
  - AWSAutoScaling
  - AWSCloudWatch
  - AWSCognito
  - AWSCognitoIdentityProvider
  - AWSDynamoDB
  - AWSEC2
  - AWSElasticLoadBalancing
  - AWSIoT
  - AWSKinesis
  - AWSLambda
  - AWSMachineLearning
  - AWSMobileAnalytics
  - AWSS3
  - AWSSES
  - AWSSimpleDB
  - AWSSNS
  - AWSSQS

SPEC CHECKSUMS:
  AWSAutoScaling: f7947f19ca24fecfae6177a15bcd9028c768a645
  AWSCloudWatch: 93537d6683e7cb6a65e82f65ed86436b4192ecba
  AWSCognito: 761e811df8ec3d418274ad4248b4ac2e4727e65b
  AWSCognitoIdentityProvider: c904b7bf9296fea0ef421d43c1bad88922d75178
  AWSCore: 402048153597591f2ec54b0f650b88dfb3a1b6ef
  AWSDynamoDB: 8a30497066057ec4556ef693aad346de0ed8a368
  AWSEC2: cf7871769090e9bf7777cd9a9360ee4cb1585cc2
  AWSElasticLoadBalancing: 927f41460c731b20a8990b2833e7a19f5cfb9b6b
  AWSIoT: f81bec97656d4ff8d66ec22e0273935e6a9531b8
  AWSKinesis: 321552aa8c1c3856ea99b1e7adcec5049ac82aff
  AWSLambda: 7406af5d5231e3ba869af546fd10201e3ae65e8d
  AWSMachineLearning: ca1e3cab30377b39899eedb59019e340574d6a3b
  AWSMobileAnalytics: 2b2729e73bf03a6af687397c54c5bd230ae6a30b
  AWSS3: 3ded64fc949e6b95e4ad80d8bee3a97199033c4e
  AWSSES: a2b64922d32645f166452f7ab7cf10ff5ee94998
  AWSSimpleDB: 256d3f2e87362c316f30f6b890c359c518ddfb53
  AWSSNS: 7f7e2f79358bfa03cf0178257812cce10a6ef42b
  AWSSQS: 9324979a93f7c4b5cd4cf49da84db7690a0e33b3

PODFILE CHECKSUM: a9949b95c1dbae957759401f1e963038d7c9665a

COCOAPODS: 1.0.1
