// !$*UTF8*$!
{
	archiveVersion = 1;
	classes = {
	};
	objectVersion = 46;
	objects = {

/* Begin PBXBuildFile section */
		24147E8B1D70C5B100126A04 /* UserSessionManager.swift in Sources */ = {isa = PBXBuildFile; fileRef = 24147E8A1D70C5B100126A04 /* UserSessionManager.swift */; };
		24186AF71D66ABE2007CC878 /* Constants.swift in Sources */ = {isa = PBXBuildFile; fileRef = 24186AF61D66ABE2007CC878 /* Constants.swift */; };
		244E86E41D561D3C008BBF46 /* RegistrationViewController.swift in Sources */ = {isa = PBXBuildFile; fileRef = 244E86E31D561D3C008BBF46 /* RegistrationViewController.swift */; };
		2464FA621D5C28AD00C8A75B /* LoginController.swift in Sources */ = {isa = PBXBuildFile; fileRef = 2464FA611D5C28AD00C8A75B /* LoginController.swift */; };
		24E0848F1D561596005E9476 /* AppDelegate.swift in Sources */ = {isa = PBXBuildFile; fileRef = 24E0848E1D561596005E9476 /* AppDelegate.swift */; };
		24E084911D561596005E9476 /* FirstViewController.swift in Sources */ = {isa = PBXBuildFile; fileRef = 24E084901D561596005E9476 /* FirstViewController.swift */; };
		24E084931D561596005E9476 /* SecondViewController.swift in Sources */ = {isa = PBXBuildFile; fileRef = 24E084921D561596005E9476 /* SecondViewController.swift */; };
		24E084961D561596005E9476 /* Main.storyboard in Resources */ = {isa = PBXBuildFile; fileRef = 24E084941D561596005E9476 /* Main.storyboard */; };
		24E084981D561596005E9476 /* Assets.xcassets in Resources */ = {isa = PBXBuildFile; fileRef = 24E084971D561596005E9476 /* Assets.xcassets */; };
		24E0849B1D561596005E9476 /* LaunchScreen.storyboard in Resources */ = {isa = PBXBuildFile; fileRef = 24E084991D561596005E9476 /* LaunchScreen.storyboard */; };
		2BCF477CCFCD8F4793270E0E /* Pods_AboutTown.framework in Frameworks */ = {isa = PBXBuildFile; fileRef = 6319E4717A0353DABBB94450 /* Pods_AboutTown.framework */; };
/* End PBXBuildFile section */

/* Begin PBXFileReference section */
		084AB16DB40A924478A6DD2F /* Pods-AboutTown.release.xcconfig */ = {isa = PBXFileReference; includeInIndex = 1; lastKnownFileType = text.xcconfig; name = "Pods-AboutTown.release.xcconfig"; path = "Pods/Target Support Files/Pods-AboutTown/Pods-AboutTown.release.xcconfig"; sourceTree = "<group>"; };
		24147E8A1D70C5B100126A04 /* UserSessionManager.swift */ = {isa = PBXFileReference; fileEncoding = 4; lastKnownFileType = sourcecode.swift; path = UserSessionManager.swift; sourceTree = "<group>"; };
		24186AF61D66ABE2007CC878 /* Constants.swift */ = {isa = PBXFileReference; fileEncoding = 4; lastKnownFileType = sourcecode.swift; path = Constants.swift; sourceTree = "<group>"; };
		244E86E31D561D3C008BBF46 /* RegistrationViewController.swift */ = {isa = PBXFileReference; fileEncoding = 4; lastKnownFileType = sourcecode.swift; path = RegistrationViewController.swift; sourceTree = "<group>"; };
		2464FA611D5C28AD00C8A75B /* LoginController.swift */ = {isa = PBXFileReference; fileEncoding = 4; lastKnownFileType = sourcecode.swift; path = LoginController.swift; sourceTree = "<group>"; };
		24E0848B1D561596005E9476 /* AboutTown.app */ = {isa = PBXFileReference; explicitFileType = wrapper.application; includeInIndex = 0; path = AboutTown.app; sourceTree = BUILT_PRODUCTS_DIR; };
		24E0848E1D561596005E9476 /* AppDelegate.swift */ = {isa = PBXFileReference; lastKnownFileType = sourcecode.swift; path = AppDelegate.swift; sourceTree = "<group>"; };
		24E084901D561596005E9476 /* FirstViewController.swift */ = {isa = PBXFileReference; lastKnownFileType = sourcecode.swift; path = FirstViewController.swift; sourceTree = "<group>"; };
		24E084921D561596005E9476 /* SecondViewController.swift */ = {isa = PBXFileReference; lastKnownFileType = sourcecode.swift; path = SecondViewController.swift; sourceTree = "<group>"; };
		24E084951D561596005E9476 /* Base */ = {isa = PBXFileReference; lastKnownFileType = file.storyboard; name = Base; path = Base.lproj/Main.storyboard; sourceTree = "<group>"; };
		24E084971D561596005E9476 /* Assets.xcassets */ = {isa = PBXFileReference; lastKnownFileType = folder.assetcatalog; path = Assets.xcassets; sourceTree = "<group>"; };
		24E0849A1D561596005E9476 /* Base */ = {isa = PBXFileReference; lastKnownFileType = file.storyboard; name = Base; path = Base.lproj/LaunchScreen.storyboard; sourceTree = "<group>"; };
		24E0849C1D561596005E9476 /* Info.plist */ = {isa = PBXFileReference; lastKnownFileType = text.plist.xml; path = Info.plist; sourceTree = "<group>"; };
		6319E4717A0353DABBB94450 /* Pods_AboutTown.framework */ = {isa = PBXFileReference; explicitFileType = wrapper.framework; includeInIndex = 0; path = Pods_AboutTown.framework; sourceTree = BUILT_PRODUCTS_DIR; };
		D9B21B3D49460C1848DC946C /* Pods-AboutTown.debug.xcconfig */ = {isa = PBXFileReference; includeInIndex = 1; lastKnownFileType = text.xcconfig; name = "Pods-AboutTown.debug.xcconfig"; path = "Pods/Target Support Files/Pods-AboutTown/Pods-AboutTown.debug.xcconfig"; sourceTree = "<group>"; };
/* End PBXFileReference section */

/* Begin PBXFrameworksBuildPhase section */
		24E084881D561596005E9476 /* Frameworks */ = {
			isa = PBXFrameworksBuildPhase;
			buildActionMask = 2147483647;
			files = (
				2BCF477CCFCD8F4793270E0E /* Pods_AboutTown.framework in Frameworks */,
			);
			runOnlyForDeploymentPostprocessing = 0;
		};
/* End PBXFrameworksBuildPhase section */

/* Begin PBXGroup section */
		19E9D4A44FE0AC7D7B7DE0ED /* Frameworks */ = {
			isa = PBXGroup;
			children = (
				6319E4717A0353DABBB94450 /* Pods_AboutTown.framework */,
			);
			name = Frameworks;
			sourceTree = "<group>";
		};
		24E084821D561596005E9476 = {
			isa = PBXGroup;
			children = (
				24E0848D1D561596005E9476 /* AboutTown */,
				24E0848C1D561596005E9476 /* Products */,
				DCBF9339EE841E65ED350C3F /* Pods */,
				19E9D4A44FE0AC7D7B7DE0ED /* Frameworks */,
			);
			sourceTree = "<group>";
		};
		24E0848C1D561596005E9476 /* Products */ = {
			isa = PBXGroup;
			children = (
				24E0848B1D561596005E9476 /* AboutTown.app */,
			);
			name = Products;
			sourceTree = "<group>";
		};
		24E0848D1D561596005E9476 /* AboutTown */ = {
			isa = PBXGroup;
			children = (
				24E0848E1D561596005E9476 /* AppDelegate.swift */,
				24E084901D561596005E9476 /* FirstViewController.swift */,
				24E084921D561596005E9476 /* SecondViewController.swift */,
				24E084941D561596005E9476 /* Main.storyboard */,
				24E084971D561596005E9476 /* Assets.xcassets */,
				24E084991D561596005E9476 /* LaunchScreen.storyboard */,
				24E0849C1D561596005E9476 /* Info.plist */,
				244E86E31D561D3C008BBF46 /* RegistrationViewController.swift */,
				2464FA611D5C28AD00C8A75B /* LoginController.swift */,
				24186AF61D66ABE2007CC878 /* Constants.swift */,
				24147E8A1D70C5B100126A04 /* UserSessionManager.swift */,
			);
			path = AboutTown;
			sourceTree = "<group>";
		};
		DCBF9339EE841E65ED350C3F /* Pods */ = {
			isa = PBXGroup;
			children = (
				D9B21B3D49460C1848DC946C /* Pods-AboutTown.debug.xcconfig */,
				084AB16DB40A924478A6DD2F /* Pods-AboutTown.release.xcconfig */,
			);
			name = Pods;
			sourceTree = "<group>";
		};
/* End PBXGroup section */

/* Begin PBXNativeTarget section */
		24E0848A1D561596005E9476 /* AboutTown */ = {
			isa = PBXNativeTarget;
			buildConfigurationList = 24E0849F1D561596005E9476 /* Build configuration list for PBXNativeTarget "AboutTown" */;
			buildPhases = (
				1E8B91DD18ADC62AA204C2FE /* [CP] Check Pods Manifest.lock */,
				24E084871D561596005E9476 /* Sources */,
				24E084881D561596005E9476 /* Frameworks */,
				24E084891D561596005E9476 /* Resources */,
				7C5E0DF84495D17CB2670384 /* [CP] Embed Pods Frameworks */,
				7F5E44846220AD7770AD9D1E /* [CP] Copy Pods Resources */,
			);
			buildRules = (
			);
			dependencies = (
			);
			name = AboutTown;
			productName = AboutTown;
			productReference = 24E0848B1D561596005E9476 /* AboutTown.app */;
			productType = "com.apple.product-type.application";
		};
/* End PBXNativeTarget section */

/* Begin PBXProject section */
		24E084831D561596005E9476 /* Project object */ = {
			isa = PBXProject;
			attributes = {
				LastSwiftUpdateCheck = 0730;
				LastUpgradeCheck = 0730;
				ORGANIZATIONNAME = Thoughtbend;
				TargetAttributes = {
					24E0848A1D561596005E9476 = {
						CreatedOnToolsVersion = 7.3.1;
					};
				};
			};
			buildConfigurationList = 24E084861D561596005E9476 /* Build configuration list for PBXProject "AboutTown" */;
			compatibilityVersion = "Xcode 3.2";
			developmentRegion = English;
			hasScannedForEncodings = 0;
			knownRegions = (
				en,
				Base,
			);
			mainGroup = 24E084821D561596005E9476;
			productRefGroup = 24E0848C1D561596005E9476 /* Products */;
			projectDirPath = "";
			projectRoot = "";
			targets = (
				24E0848A1D561596005E9476 /* AboutTown */,
			);
		};
/* End PBXProject section */

/* Begin PBXResourcesBuildPhase section */
		24E084891D561596005E9476 /* Resources */ = {
			isa = PBXResourcesBuildPhase;
			buildActionMask = 2147483647;
			files = (
				24E0849B1D561596005E9476 /* LaunchScreen.storyboard in Resources */,
				24E084981D561596005E9476 /* Assets.xcassets in Resources */,
				24E084961D561596005E9476 /* Main.storyboard in Resources */,
			);
			runOnlyForDeploymentPostprocessing = 0;
		};
/* End PBXResourcesBuildPhase section */

/* Begin PBXShellScriptBuildPhase section */
		1E8B91DD18ADC62AA204C2FE /* [CP] Check Pods Manifest.lock */ = {
			isa = PBXShellScriptBuildPhase;
			buildActionMask = 2147483647;
			files = (
			);
			inputPaths = (
			);
			name = "[CP] Check Pods Manifest.lock";
			outputPaths = (
			);
			runOnlyForDeploymentPostprocessing = 0;
			shellPath = /bin/sh;
			shellScript = "diff \"${PODS_ROOT}/../Podfile.lock\" \"${PODS_ROOT}/Manifest.lock\" > /dev/null\nif [[ $? != 0 ]] ; then\n    cat << EOM\nerror: The sandbox is not in sync with the Podfile.lock. Run 'pod install' or update your CocoaPods installation.\nEOM\n    exit 1\nfi\n";
			showEnvVarsInLog = 0;
		};
		7C5E0DF84495D17CB2670384 /* [CP] Embed Pods Frameworks */ = {
			isa = PBXShellScriptBuildPhase;
			buildActionMask = 2147483647;
			files = (
			);
			inputPaths = (
			);
			name = "[CP] Embed Pods Frameworks";
			outputPaths = (
			);
			runOnlyForDeploymentPostprocessing = 0;
			shellPath = /bin/sh;
			shellScript = "\"${SRCROOT}/Pods/Target Support Files/Pods-AboutTown/Pods-AboutTown-frameworks.sh\"\n";
			showEnvVarsInLog = 0;
		};
		7F5E44846220AD7770AD9D1E /* [CP] Copy Pods Resources */ = {
			isa = PBXShellScriptBuildPhase;
			buildActionMask = 2147483647;
			files = (
			);
			inputPaths = (
			);
			name = "[CP] Copy Pods Resources";
			outputPaths = (
			);
			runOnlyForDeploymentPostprocessing = 0;
			shellPath = /bin/sh;
			shellScript = "\"${SRCROOT}/Pods/Target Support Files/Pods-AboutTown/Pods-AboutTown-resources.sh\"\n";
			showEnvVarsInLog = 0;
		};
/* End PBXShellScriptBuildPhase section */

/* Begin PBXSourcesBuildPhase section */
		24E084871D561596005E9476 /* Sources */ = {
			isa = PBXSourcesBuildPhase;
			buildActionMask = 2147483647;
			files = (
				24E084931D561596005E9476 /* SecondViewController.swift in Sources */,
				24E0848F1D561596005E9476 /* AppDelegate.swift in Sources */,
				244E86E41D561D3C008BBF46 /* RegistrationViewController.swift in Sources */,
				24E084911D561596005E9476 /* FirstViewController.swift in Sources */,
				2464FA621D5C28AD00C8A75B /* LoginController.swift in Sources */,
				24186AF71D66ABE2007CC878 /* Constants.swift in Sources */,
				24147E8B1D70C5B100126A04 /* UserSessionManager.swift in Sources */,
			);
			runOnlyForDeploymentPostprocessing = 0;
		};
/* End PBXSourcesBuildPhase section */

/* Begin PBXVariantGroup section */
		24E084941D561596005E9476 /* Main.storyboard */ = {
			isa = PBXVariantGroup;
			children = (
				24E084951D561596005E9476 /* Base */,
			);
			name = Main.storyboard;
			sourceTree = "<group>";
		};
		24E084991D561596005E9476 /* LaunchScreen.storyboard */ = {
			isa = PBXVariantGroup;
			children = (
				24E0849A1D561596005E9476 /* Base */,
			);
			name = LaunchScreen.storyboard;
			sourceTree = "<group>";
		};
/* End PBXVariantGroup section */

/* Begin XCBuildConfiguration section */
		24E0849D1D561596005E9476 /* Debug */ = {
			isa = XCBuildConfiguration;
			buildSettings = {
				ALWAYS_SEARCH_USER_PATHS = NO;
				CLANG_ANALYZER_NONNULL = YES;
				CLANG_CXX_LANGUAGE_STANDARD = "gnu++0x";
				CLANG_CXX_LIBRARY = "libc++";
				CLANG_ENABLE_MODULES = YES;
				CLANG_ENABLE_OBJC_ARC = YES;
				CLANG_WARN_BOOL_CONVERSION = YES;
				CLANG_WARN_CONSTANT_CONVERSION = YES;
				CLANG_WARN_DIRECT_OBJC_ISA_USAGE = YES_ERROR;
				CLANG_WARN_EMPTY_BODY = YES;
				CLANG_WARN_ENUM_CONVERSION = YES;
				CLANG_WARN_INT_CONVERSION = YES;
				CLANG_WARN_OBJC_ROOT_CLASS = YES_ERROR;
				CLANG_WARN_UNREACHABLE_CODE = YES;
				CLANG_WARN__DUPLICATE_METHOD_MATCH = YES;
				"CODE_SIGN_IDENTITY[sdk=iphoneos*]" = "iPhone Developer";
				COPY_PHASE_STRIP = NO;
				DEBUG_INFORMATION_FORMAT = dwarf;
				ENABLE_STRICT_OBJC_MSGSEND = YES;
				ENABLE_TESTABILITY = YES;
				GCC_C_LANGUAGE_STANDARD = gnu99;
				GCC_DYNAMIC_NO_PIC = NO;
				GCC_NO_COMMON_BLOCKS = YES;
				GCC_OPTIMIZATION_LEVEL = 0;
				GCC_PREPROCESSOR_DEFINITIONS = (
					"DEBUG=1",
					"$(inherited)",
				);
				GCC_WARN_64_TO_32_BIT_CONVERSION = YES;
				GCC_WARN_ABOUT_RETURN_TYPE = YES_ERROR;
				GCC_WARN_UNDECLARED_SELECTOR = YES;
				GCC_WARN_UNINITIALIZED_AUTOS = YES_AGGRESSIVE;
				GCC_WARN_UNUSED_FUNCTION = YES;
				GCC_WARN_UNUSED_VARIABLE = YES;
				IPHONEOS_DEPLOYMENT_TARGET = 9.3;
				MTL_ENABLE_DEBUG_INFO = YES;
				ONLY_ACTIVE_ARCH = YES;
				SDKROOT = iphoneos;
				SWIFT_OPTIMIZATION_LEVEL = "-Onone";
			};
			name = Debug;
		};
		24E0849E1D561596005E9476 /* Release */ = {
			isa = XCBuildConfiguration;
			buildSettings = {
				ALWAYS_SEARCH_USER_PATHS = NO;
				CLANG_ANALYZER_NONNULL = YES;
				CLANG_CXX_LANGUAGE_STANDARD = "gnu++0x";
				CLANG_CXX_LIBRARY = "libc++";
				CLANG_ENABLE_MODULES = YES;
				CLANG_ENABLE_OBJC_ARC = YES;
				CLANG_WARN_BOOL_CONVERSION = YES;
				CLANG_WARN_CONSTANT_CONVERSION = YES;
				CLANG_WARN_DIRECT_OBJC_ISA_USAGE = YES_ERROR;
				CLANG_WARN_EMPTY_BODY = YES;
				CLANG_WARN_ENUM_CONVERSION = YES;
				CLANG_WARN_INT_CONVERSION = YES;
				CLANG_WARN_OBJC_ROOT_CLASS = YES_ERROR;
				CLANG_WARN_UNREACHABLE_CODE = YES;
				CLANG_WARN__DUPLICATE_METHOD_MATCH = YES;
				"CODE_SIGN_IDENTITY[sdk=iphoneos*]" = "iPhone Developer";
				COPY_PHASE_STRIP = NO;
				DEBUG_INFORMATION_FORMAT = "dwarf-with-dsym";
				ENABLE_NS_ASSERTIONS = NO;
				ENABLE_STRICT_OBJC_MSGSEND = YES;
				GCC_C_LANGUAGE_STANDARD = gnu99;
				GCC_NO_COMMON_BLOCKS = YES;
				GCC_WARN_64_TO_32_BIT_CONVERSION = YES;
				GCC_WARN_ABOUT_RETURN_TYPE = YES_ERROR;
				GCC_WARN_UNDECLARED_SELECTOR = YES;
				GCC_WARN_UNINITIALIZED_AUTOS = YES_AGGRESSIVE;
				GCC_WARN_UNUSED_FUNCTION = YES;
				GCC_WARN_UNUSED_VARIABLE = YES;
				IPHONEOS_DEPLOYMENT_TARGET = 9.3;
				MTL_ENABLE_DEBUG_INFO = NO;
				SDKROOT = iphoneos;
				VALIDATE_PRODUCT = YES;
			};
			name = Release;
		};
		24E084A01D561596005E9476 /* Debug */ = {
			isa = XCBuildConfiguration;
			baseConfigurationReference = D9B21B3D49460C1848DC946C /* Pods-AboutTown.debug.xcconfig */;
			buildSettings = {
				ASSETCATALOG_COMPILER_APPICON_NAME = AppIcon;
				INFOPLIST_FILE = AboutTown/Info.plist;
				LD_RUNPATH_SEARCH_PATHS = "$(inherited) @executable_path/Frameworks";
				PRODUCT_BUNDLE_IDENTIFIER = com.thoughtbend.AboutTown;
				PRODUCT_NAME = "$(TARGET_NAME)";
			};
			name = Debug;
		};
		24E084A11D561596005E9476 /* Release */ = {
			isa = XCBuildConfiguration;
			baseConfigurationReference = 084AB16DB40A924478A6DD2F /* Pods-AboutTown.release.xcconfig */;
			buildSettings = {
				ASSETCATALOG_COMPILER_APPICON_NAME = AppIcon;
				INFOPLIST_FILE = AboutTown/Info.plist;
				LD_RUNPATH_SEARCH_PATHS = "$(inherited) @executable_path/Frameworks";
				PRODUCT_BUNDLE_IDENTIFIER = com.thoughtbend.AboutTown;
				PRODUCT_NAME = "$(TARGET_NAME)";
			};
			name = Release;
		};
/* End XCBuildConfiguration section */

/* Begin XCConfigurationList section */
		24E084861D561596005E9476 /* Build configuration list for PBXProject "AboutTown" */ = {
			isa = XCConfigurationList;
			buildConfigurations = (
				24E0849D1D561596005E9476 /* Debug */,
				24E0849E1D561596005E9476 /* Release */,
			);
			defaultConfigurationIsVisible = 0;
			defaultConfigurationName = Release;
		};
		24E0849F1D561596005E9476 /* Build configuration list for PBXNativeTarget "AboutTown" */ = {
			isa = XCConfigurationList;
			buildConfigurations = (
				24E084A01D561596005E9476 /* Debug */,
				24E084A11D561596005E9476 /* Release */,
			);
			defaultConfigurationIsVisible = 0;
			defaultConfigurationName = Release;
		};
/* End XCConfigurationList section */
	};
	rootObject = 24E084831D561596005E9476 /* Project object */;
}
